lockfileVersion: 5.4

specifiers:
  '@mui/icons-material': ^5.8.4
  '@mui/material': ^5.8.6
  react: ^18.2.0
  react-dom: ^18.2.0

dependencies:
  '@mui/icons-material': 5.8.4_5s4vmeh44y6mjmopsvqtbullp4
  '@mui/material': 5.8.6_biqbaboplfbrettd7655fr4n2y
  react: 18.2.0
  react-dom: 18.2.0_react@18.2.0

packages:

  /@babel/runtime/7.18.6:
    resolution: {integrity: sha512-t9wi7/AW6XtKahAe20Yw0/mMljKq0B1r2fPdvaAdV/KPDZewFXdaaa6K7lxmZBZ8FBNpCiAT6iHPmd6QO9bKfQ==}
    engines: {node: '>=6.9.0'}
    dependencies:
      regenerator-runtime: 0.13.9
    dev: false

  /@emotion/cache/11.9.3:
    resolution: {integrity: sha512-0dgkI/JKlCXa+lEXviaMtGBL0ynpx4osh7rjOXE71q9bIF8G+XhJgvi+wDu0B0IdCVx37BffiwXlN9I3UuzFvg==}
    dependencies:
      '@emotion/memoize': 0.7.5
      '@emotion/sheet': 1.1.1
      '@emotion/utils': 1.1.0
      '@emotion/weak-memoize': 0.2.5
      stylis: 4.0.13
    dev: false

  /@emotion/is-prop-valid/1.1.3:
    resolution: {integrity: sha512-RFg04p6C+1uO19uG8N+vqanzKqiM9eeV1LDOG3bmkYmuOj7NbKNlFC/4EZq5gnwAIlcC/jOT24f8Td0iax2SXA==}
    dependencies:
      '@emotion/memoize': 0.7.5
    dev: false

  /@emotion/memoize/0.7.5:
    resolution: {integrity: sha512-igX9a37DR2ZPGYtV6suZ6whr8pTFtyHL3K/oLUotxpSVO2ASaprmAe2Dkq7tBo7CRY7MMDrAa9nuQP9/YG8FxQ==}
    dev: false

  /@emotion/sheet/1.1.1:
    resolution: {integrity: sha512-J3YPccVRMiTZxYAY0IOq3kd+hUP8idY8Kz6B/Cyo+JuXq52Ek+zbPbSQUrVQp95aJ+lsAW7DPL1P2Z+U1jGkKA==}
    dev: false

  /@emotion/utils/1.1.0:
    resolution: {integrity: sha512-iRLa/Y4Rs5H/f2nimczYmS5kFJEbpiVvgN3XVfZ022IYhuNA1IRSHEizcof88LtCTXtl9S2Cxt32KgaXEu72JQ==}
    dev: false

  /@emotion/weak-memoize/0.2.5:
    resolution: {integrity: sha512-6U71C2Wp7r5XtFtQzYrW5iKFT67OixrSxjI4MptCHzdSVlgabczzqLe0ZSgnub/5Kp4hSbpDB1tMytZY9pwxxA==}
    dev: false

  /@mui/base/5.0.0-alpha.87_biqbaboplfbrettd7655fr4n2y:
    resolution: {integrity: sha512-PuxRYrvG63Yj/UTwf4hSwZ5ClMv88iXHK+5hUV1CrG3kNPo6FFQiIFNRaNpRt/3nsXj6+xygJByNFA8m4Leetg==}
    engines: {node: '>=12.0.0'}
    peerDependencies:
      '@types/react': ^17.0.0 || ^18.0.0
      react: ^17.0.0 || ^18.0.0
      react-dom: ^17.0.0 || ^18.0.0
    peerDependenciesMeta:
      '@types/react':
        optional: true
    dependencies:
      '@babel/runtime': 7.18.6
      '@emotion/is-prop-valid': 1.1.3
      '@mui/types': 7.1.4
      '@mui/utils': 5.8.6_react@18.2.0
      '@popperjs/core': 2.11.5
      clsx: 1.2.0
      prop-types: 15.8.1
      react: 18.2.0
      react-dom: 18.2.0_react@18.2.0
      react-is: 17.0.2
    dev: false

  /@mui/icons-material/5.8.4_5s4vmeh44y6mjmopsvqtbullp4:
    resolution: {integrity: sha512-9Z/vyj2szvEhGWDvb+gG875bOGm8b8rlHBKOD1+nA3PcgC3fV6W1AU6pfOorPeBfH2X4mb9Boe97vHvaSndQvA==}
    engines: {node: '>=12.0.0'}
    peerDependencies:
      '@mui/material': ^5.0.0
      '@types/react': ^17.0.0 || ^18.0.0
      react: ^17.0.0 || ^18.0.0
    peerDependenciesMeta:
      '@types/react':
        optional: true
    dependencies:
      '@babel/runtime': 7.18.6
      '@mui/material': 5.8.6_biqbaboplfbrettd7655fr4n2y
      react: 18.2.0
    dev: false

  /@mui/material/5.8.6_biqbaboplfbrettd7655fr4n2y:
    resolution: {integrity: sha512-9fo5AiNHs+HY5ArMzsDMFrAmJSRw90y/qu81oDIszgK7Bfrm8GuI7Eb0mO6WADWPEyKOzOov/WZsm4G6jPEM4g==}
    engines: {node: '>=12.0.0'}
    peerDependencies:
      '@emotion/react': ^11.5.0
      '@emotion/styled': ^11.3.0
      '@types/react': ^17.0.0 || ^18.0.0
      react: ^17.0.0 || ^18.0.0
      react-dom: ^17.0.0 || ^18.0.0
    peerDependenciesMeta:
      '@emotion/react':
        optional: true
      '@emotion/styled':
        optional: true
      '@types/react':
        optional: true
    dependencies:
      '@babel/runtime': 7.18.6
      '@mui/base': 5.0.0-alpha.87_biqbaboplfbrettd7655fr4n2y
      '@mui/system': 5.8.6_react@18.2.0
      '@mui/types': 7.1.4
      '@mui/utils': 5.8.6_react@18.2.0
      '@types/react-transition-group': 4.4.5
      clsx: 1.2.0
      csstype: 3.1.0
      prop-types: 15.8.1
      react: 18.2.0
      react-dom: 18.2.0_react@18.2.0
      react-is: 17.0.2
      react-transition-group: 4.4.2_biqbaboplfbrettd7655fr4n2y
    dev: false

  /@mui/private-theming/5.8.6_react@18.2.0:
    resolution: {integrity: sha512-yHsJk1qU9r/q0DlnxGRJPHyM0Y/nUv8FTNgDTiI9I58GWuVuZqeTUr7JRvPh6ybeP/FLtW5eXEavRK9wxVk4uQ==}
    engines: {node: '>=12.0.0'}
    peerDependencies:
      '@types/react': ^17.0.0 || ^18.0.0
      react: ^17.0.0 || ^18.0.0
    peerDependenciesMeta:
      '@types/react':
        optional: true
    dependencies:
      '@babel/runtime': 7.18.6
      '@mui/utils': 5.8.6_react@18.2.0
      prop-types: 15.8.1
      react: 18.2.0
    dev: false

  /@mui/styled-engine/5.8.0_react@18.2.0:
    resolution: {integrity: sha512-Q3spibB8/EgeMYHc+/o3RRTnAYkSl7ROCLhXJ830W8HZ2/iDiyYp16UcxKPurkXvLhUaILyofPVrP3Su2uKsAw==}
    engines: {node: '>=12.0.0'}
    peerDependencies:
      '@emotion/react': ^11.4.1
      '@emotion/styled': ^11.3.0
      react: ^17.0.0 || ^18.0.0
    peerDependenciesMeta:
      '@emotion/react':
        optional: true
      '@emotion/styled':
        optional: true
    dependencies:
      '@babel/runtime': 7.18.6
      '@emotion/cache': 11.9.3
      prop-types: 15.8.1
      react: 18.2.0
    dev: false

  /@mui/system/5.8.6_react@18.2.0:
    resolution: {integrity: sha512-+a+rD58XltKQHDrrjcuCta2cUBqdnLDUDwnphSLCMFigRl8/uk+R+fdQRlMNRXAOgnMb8ioWIgfjxri5pmTH4A==}
    engines: {node: '>=12.0.0'}
    peerDependencies:
      '@emotion/react': ^11.5.0
      '@emotion/styled': ^11.3.0
      '@types/react': ^17.0.0 || ^18.0.0
      react: ^17.0.0 || ^18.0.0
    peerDependenciesMeta:
      '@emotion/react':
        optional: true
      '@emotion/styled':
        optional: true
      '@types/react':
        optional: true
    dependencies:
      '@babel/runtime': 7.18.6
      '@mui/private-theming': 5.8.6_react@18.2.0
      '@mui/styled-engine': 5.8.0_react@18.2.0
      '@mui/types': 7.1.4
      '@mui/utils': 5.8.6_react@18.2.0
      clsx: 1.2.0
      csstype: 3.1.0
      prop-types: 15.8.1
      react: 18.2.0
    dev: false

  /@mui/types/7.1.4:
    resolution: {integrity: sha512-uveM3byMbthO+6tXZ1n2zm0W3uJCQYtwt/v5zV5I77v2v18u0ITkb8xwhsDD2i3V2Kye7SaNR6FFJ6lMuY/WqQ==}
    peerDependencies:
      '@types/react': '*'
    peerDependenciesMeta:
      '@types/react':
        optional: true
    dev: false

  /@mui/utils/5.8.6_react@18.2.0:
    resolution: {integrity: sha512-QM2Sd1xZo2jOt2Vz5Rmro+pi2FLJyiv4+OjxkUwXR3oUM65KSMAMLl/KNYU55s3W3DLRFP5MVwE4FhAbHseHAg==}
    engines: {node: '>=12.0.0'}
    peerDependencies:
      react: ^17.0.0 || ^18.0.0
    dependencies:
      '@babel/runtime': 7.18.6
      '@types/prop-types': 15.7.5
      '@types/react-is': 17.0.3
      prop-types: 15.8.1
      react: 18.2.0
      react-is: 17.0.2
    dev: false

  /@popperjs/core/2.11.5:
    resolution: {integrity: sha512-9X2obfABZuDVLCgPK9aX0a/x4jaOEweTTWE2+9sr0Qqqevj2Uv5XorvusThmc9XGYpS9yI+fhh8RTafBtGposw==}
    dev: false

  /@types/prop-types/15.7.5:
    resolution: {integrity: sha512-JCB8C6SnDoQf0cNycqd/35A7MjcnK+ZTqE7judS6o7utxUCg6imJg3QK2qzHKszlTjcj2cn+NwMB2i96ubpj7w==}
    dev: false

  /@types/react-is/17.0.3:
    resolution: {integrity: sha512-aBTIWg1emtu95bLTLx0cpkxwGW3ueZv71nE2YFBpL8k/z5czEW8yYpOo8Dp+UUAFAtKwNaOsh/ioSeQnWlZcfw==}
    dependencies:
      '@types/react': 18.0.14
    dev: false

  /@types/react-transition-group/4.4.5:
    resolution: {integrity: sha512-juKD/eiSM3/xZYzjuzH6ZwpP+/lejltmiS3QEzV/vmb/Q8+HfDmxu+Baga8UEMGBqV88Nbg4l2hY/K2DkyaLLA==}
    dependencies:
      '@types/react': 18.0.14
    dev: false

  /@types/react/18.0.14:
    resolution: {integrity: sha512-x4gGuASSiWmo0xjDLpm5mPb52syZHJx02VKbqUKdLmKtAwIh63XClGsiTI1K6DO5q7ox4xAsQrU+Gl3+gGXF9Q==}
    dependencies:
      '@types/prop-types': 15.7.5
      '@types/scheduler': 0.16.2
      csstype: 3.1.0
    dev: false

  /@types/scheduler/0.16.2:
    resolution: {integrity: sha512-hppQEBDmlwhFAXKJX2KnWLYu5yMfi91yazPb2l+lbJiwW+wdo1gNeRA+3RgNSO39WYX2euey41KEwnqesU2Jew==}
    dev: false

  /clsx/1.2.0:
    resolution: {integrity: sha512-EPRP7XJsM1y0iCU3Z7C7jFKdQboXSeHgEfzQUTlz7m5NP3hDrlz48aUsmNGp4pC+JOW9WA3vIRqlYuo/bl4Drw==}
    engines: {node: '>=6'}
    dev: false

  /csstype/3.1.0:
    resolution: {integrity: sha512-uX1KG+x9h5hIJsaKR9xHUeUraxf8IODOwq9JLNPq6BwB04a/xgpq3rcx47l5BZu5zBPlgD342tdke3Hom/nJRA==}
    dev: false

  /dom-helpers/5.2.1:
    resolution: {integrity: sha512-nRCa7CK3VTrM2NmGkIy4cbK7IZlgBE/PYMn55rrXefr5xXDP0LdtfPnblFDoVdcAfslJ7or6iqAUnx0CCGIWQA==}
    dependencies:
      '@babel/runtime': 7.18.6
      csstype: 3.1.0
    dev: false

  /js-tokens/4.0.0:
    resolution: {integrity: sha512-RdJUflcE3cUzKiMqQgsCu06FPu9UdIJO0beYbPhHN4k6apgJtifcoCtT9bcxOpYBtpD2kCM6Sbzg4CausW/PKQ==}
    dev: false

  /loose-envify/1.4.0:
    resolution: {integrity: sha512-lyuxPGr/Wfhrlem2CL/UcnUc1zcqKAImBDzukY7Y5F/yQiNdko6+fRLevlw1HgMySw7f611UIY408EtxRSoK3Q==}
    hasBin: true
    dependencies:
      js-tokens: 4.0.0
    dev: false

  /object-assign/4.1.1:
    resolution: {integrity: sha512-rJgTQnkUnH1sFw8yT6VSU3zD3sWmu6sZhIseY8VX+GRu3P6F7Fu+JNDoXfklElbLJSnc3FUQHVe4cU5hj+BcUg==}
    engines: {node: '>=0.10.0'}
    dev: false

  /prop-types/15.8.1:
    resolution: {integrity: sha512-oj87CgZICdulUohogVAR7AjlC0327U4el4L6eAvOqCeudMDVU0NThNaV+b9Df4dXgSP1gXMTnPdhfe/2qDH5cg==}
    dependencies:
      loose-envify: 1.4.0
      object-assign: 4.1.1
      react-is: 16.13.1
    dev: false

  /react-dom/18.2.0_react@18.2.0:
    resolution: {integrity: sha512-6IMTriUmvsjHUjNtEDudZfuDQUoWXVxKHhlEGSk81n4YFS+r/Kl99wXiwlVXtPBtJenozv2P+hxDsw9eA7Xo6g==}
    peerDependencies:
      react: ^18.2.0
    dependencies:
      loose-envify: 1.4.0
      react: 18.2.0
      scheduler: 0.23.0
    dev: false

  /react-is/16.13.1:
    resolution: {integrity: sha512-24e6ynE2H+OKt4kqsOvNd8kBpV65zoxbA4BVsEOB3ARVWQki/DHzaUoC5KuON/BiccDaCCTZBuOcfZs70kR8bQ==}
    dev: false

  /react-is/17.0.2:
    resolution: {integrity: sha512-w2GsyukL62IJnlaff/nRegPQR94C/XXamvMWmSHRJ4y7Ts/4ocGRmTHvOs8PSE6pB3dWOrD/nueuU5sduBsQ4w==}
    dev: false

  /react-transition-group/4.4.2_biqbaboplfbrettd7655fr4n2y:
    resolution: {integrity: sha512-/RNYfRAMlZwDSr6z4zNKV6xu53/e2BuaBbGhbyYIXTrmgu/bGHzmqOs7mJSJBHy9Ud+ApHx3QjrkKSp1pxvlFg==}
    peerDependencies:
      react: '>=16.6.0'
      react-dom: '>=16.6.0'
    dependencies:
      '@babel/runtime': 7.18.6
      dom-helpers: 5.2.1
      loose-envify: 1.4.0
      prop-types: 15.8.1
      react: 18.2.0
      react-dom: 18.2.0_react@18.2.0
    dev: false

  /react/18.2.0:
    resolution: {integrity: sha512-/3IjMdb2L9QbBdWiW5e3P2/npwMBaU9mHCSCUzNln0ZCYbcfTsGbTJrU/kGemdH2IWmB2ioZ+zkxtmq6g09fGQ==}
    engines: {node: '>=0.10.0'}
    dependencies:
      loose-envify: 1.4.0
    dev: false

  /regenerator-runtime/0.13.9:
    resolution: {integrity: sha512-p3VT+cOEgxFsRRA9X4lkI1E+k2/CtnKtU4gcxyaCUreilL/vqI6CdZ3wxVUx3UOUg+gnUOQQcRI7BmSI656MYA==}
    dev: false

  /scheduler/0.23.0:
    resolution: {integrity: sha512-CtuThmgHNg7zIZWAXi3AsyIzA3n4xx7aNyjwC2VJldO2LMVDhFK+63xGqq6CsJH4rTAt6/M+N4GhZiDYPx9eUw==}
    dependencies:
      loose-envify: 1.4.0
    dev: false

  /stylis/4.0.13:
    resolution: {integrity: sha512-xGPXiFVl4YED9Jh7Euv2V220mriG9u4B2TA6Ybjc1catrstKD2PpIdU3U0RKpkVBC2EhmL/F0sPCr9vrFTNRag==}
    dev: false
